
Microsoft Visual Studio Solution File, Format Version 12.00
# Visual Studio Version 17
VisualStudioVersion = 17.4.33403.182
MinimumVisualStudioVersion = 10.0.40219.1
Project("{FAE04EC0-301F-11D3-BF4B-00C04F79EFBC}") = "Program", "src\Program.csproj", "{26FAD75B-9C01-4259-9F6E-C8B03A5E9370}"
EndProject
Global
	GlobalSection(SolutionConfigurationPlatforms) = preSolution
		Debug|Any CPU = Debug|Any CPU
		Release|Any CPU = Release|Any CPU
	EndGlobalSection
	GlobalSection(ProjectConfigurationPlatforms) = postSolution
		{26FAD75B-9C01-4259-9F6E-C8B03A5E9370}.Debug|Any CPU.ActiveCfg = Debug|Any CPU
		{26FAD75B-9C01-4259-9F6E-C8B03A5E9370}.Debug|Any CPU.Build.0 = Debug|Any CPU
		{26FAD75B-9C01-4259-9F6E-C8B03A5E9370}.Release|Any CPU.ActiveCfg = Release|Any CPU
		{26FAD75B-9C01-4259-9F6E-C8B03A5E9370}.Release|Any CPU.Build.0 = Release|Any CPU
	EndGlobalSection
	GlobalSection(SolutionProperties) = preSolution
		HideSolutionNode = FALSE
	EndGlobalSection
	GlobalSection(ExtensibilityGlobals) = postSolution
		SolutionGuid = {0C3DAA7B-A50F-4CB5-BDA6-55AD6FE27665}
	EndGlobalSection
EndGlobal
